# THIS IS AN AUTOGENERATED FILE. DO NOT EDIT THIS FILE DIRECTLY.
# yarn lockfile v1


core-js@^3.6.5:
  version "3.8.3"
  resolved "https://registry.yarnpkg.com/core-js/-/core-js-3.8.3.tgz#c21906e1f14f3689f93abcc6e26883550dd92dd0"
  integrity sha512-KPYXeVZYemC2TkNEkX/01I+7yd+nX3KddKwZ1Ww7SKWdI2wQprSgLmrTddT8nw92AjEklTsPBoSdQBhbI1bQ6Q==

vue-property-decorator@^9.0.2:
  version "9.1.2"
  resolved "https://registry.yarnpkg.com/vue-property-decorator/-/vue-property-decorator-9.1.2.tgz#266a2eac61ba6527e2e68a6933cfb98fddab5457"
  integrity sha512-xYA8MkZynPBGd/w5QFJ2d/NM0z/YeegMqYTphy7NJQXbZcuU6FC6AOdUAcy4SXP+YnkerC6AfH+ldg7PDk9ESQ==

vue-slider-component@^4.0.0-beta.3:
  version "4.0.0-beta.3"
  resolved "https://registry.yarnpkg.com/vue-slider-component/-/vue-slider-component-4.0.0-beta.3.tgz#f1c0c716f36e68b148acc4b34a3a41dd1afc7abe"
  integrity sha512-wLv3mAIQVOw2kP/CSi7FbYq1Y5q4ZC7GJpOHyd+Gpibc1Io/dMtgNAUa0XzcCJ20RNqJbQs+9vHeF19zV2xqBQ==
  dependencies:
    core-js "^3.6.5"
    vue-property-decorator "^9.0.2"
